
Microsoft Visual Studio Solution File, Format Version 12.00
# Visual Studio Version 16
VisualStudioVersion = 16.0.30320.27
MinimumVisualStudioVersion = 10.0.40219.1
Project("{FAE04EC0-301F-11D3-BF4B-00C04F79EFBC}") = "Reflection", "Reflection.csproj", "{5B3ACCA5-7F6F-41B7-B60E-50F59C377FD0}"
EndProject
Global
	GlobalSection(SolutionConfigurationPlatforms) = preSolution
		Debug|Any CPU = Debug|Any CPU
		Release|Any CPU = Release|Any CPU
	EndGlobalSection
	GlobalSection(ProjectConfigurationPlatforms) = postSolution
		{5B3ACCA5-7F6F-41B7-B60E-50F59C377FD0}.Debug|Any CPU.ActiveCfg = Debug|Any CPU
		{5B3ACCA5-7F6F-41B7-B60E-50F59C377FD0}.Debug|Any CPU.Build.0 = Debug|Any CPU
		{5B3ACCA5-7F6F-41B7-B60E-50F59C377FD0}.Release|Any CPU.ActiveCfg = Release|Any CPU
		{5B3ACCA5-7F6F-41B7-B60E-50F59C377FD0}.Release|Any CPU.Build.0 = Release|Any CPU
	EndGlobalSection
	GlobalSection(SolutionProperties) = preSolution
		HideSolutionNode = FALSE
	EndGlobalSection
	GlobalSection(ExtensibilityGlobals) = postSolution
		SolutionGuid = {B6FE8D88-E448-473C-B81E-F49393C82877}
	EndGlobalSection
EndGlobal
